// !$*UTF8*$!
{
	archiveVersion = 1;
	classes = {
	};
	objectVersion = 46;
	objects = {

/* Begin PBXBuildFile section */
		4B1411581BD688070058338B /* SLHomeViewController.m in Sources */ = {isa = PBXBuildFile; fileRef = 4B1411571BD688070058338B /* SLHomeViewController.m */; };
		4B14115B1BD6881D0058338B /* SLCategoryViewController.m in Sources */ = {isa = PBXBuildFile; fileRef = 4B14115A1BD6881D0058338B /* SLCategoryViewController.m */; };
		4B14115E1BD6882E0058338B /* SLTagViewController.m in Sources */ = {isa = PBXBuildFile; fileRef = 4B14115D1BD6882E0058338B /* SLTagViewController.m */; };
		4B1411611BD688450058338B /* SLArchiveViewController.m in Sources */ = {isa = PBXBuildFile; fileRef = 4B1411601BD688450058338B /* SLArchiveViewController.m */; };
		4B1411641BD6886B0058338B /* SLAboutViewController.m in Sources */ = {isa = PBXBuildFile; fileRef = 4B1411631BD6886B0058338B /* SLAboutViewController.m */; };
		4B1411671BD688FD0058338B /* SLCommonTableViewController.m in Sources */ = {isa = PBXBuildFile; fileRef = 4B1411661BD688FD0058338B /* SLCommonTableViewController.m */; };
		4B14116A1BD694140058338B /* SLNavicationController.m in Sources */ = {isa = PBXBuildFile; fileRef = 4B1411691BD694140058338B /* SLNavicationController.m */; };
		4B9F6A681BBBB52E005C628C /* SLRootViewController.m in Sources */ = {isa = PBXBuildFile; fileRef = 4B9F6A671BBBB52E005C628C /* SLRootViewController.m */; };
		4BB8062B1BDBDDB100DF94F1 /* SLCommonViewController.m in Sources */ = {isa = PBXBuildFile; fileRef = 4BB8062A1BDBDDB100DF94F1 /* SLCommonViewController.m */; };
		4BDA3E3C1B7106C10044D862 /* main.m in Sources */ = {isa = PBXBuildFile; fileRef = 4BDA3E3B1B7106C10044D862 /* main.m */; };
		4BDA3E3F1B7106C10044D862 /* AppDelegate.m in Sources */ = {isa = PBXBuildFile; fileRef = 4BDA3E3E1B7106C10044D862 /* AppDelegate.m */; };
		4BDA3E451B7106C10044D862 /* Main.storyboard in Resources */ = {isa = PBXBuildFile; fileRef = 4BDA3E431B7106C10044D862 /* Main.storyboard */; };
		4BDA3E471B7106C10044D862 /* Images.xcassets in Resources */ = {isa = PBXBuildFile; fileRef = 4BDA3E461B7106C10044D862 /* Images.xcassets */; };
		4BDA3E561B7106C10044D862 /* YXTXTests.m in Sources */ = {isa = PBXBuildFile; fileRef = 4BDA3E551B7106C10044D862 /* YXTXTests.m */; };
/* End PBXBuildFile section */

/* Begin PBXContainerItemProxy section */
		4BDA3E501B7106C10044D862 /* PBXContainerItemProxy */ = {
			isa = PBXContainerItemProxy;
			containerPortal = 4BDA3E2E1B7106C10044D862 /* Project object */;
			proxyType = 1;
			remoteGlobalIDString = 4BDA3E351B7106C10044D862;
			remoteInfo = YXTX;
		};
/* End PBXContainerItemProxy section */

/* Begin PBXFileReference section */
		4B1411561BD688070058338B /* SLHomeViewController.h */ = {isa = PBXFileReference; fileEncoding = 4; lastKnownFileType = sourcecode.c.h; path = SLHomeViewController.h; sourceTree = "<group>"; };
		4B1411571BD688070058338B /* SLHomeViewController.m */ = {isa = PBXFileReference; fileEncoding = 4; lastKnownFileType = sourcecode.c.objc; path = SLHomeViewController.m; sourceTree = "<group>"; };
		4B1411591BD6881D0058338B /* SLCategoryViewController.h */ = {isa = PBXFileReference; fileEncoding = 4; lastKnownFileType = sourcecode.c.h; path = SLCategoryViewController.h; sourceTree = "<group>"; };
		4B14115A1BD6881D0058338B /* SLCategoryViewController.m */ = {isa = PBXFileReference; fileEncoding = 4; lastKnownFileType = sourcecode.c.objc; path = SLCategoryViewController.m; sourceTree = "<group>"; };
		4B14115C1BD6882E0058338B /* SLTagViewController.h */ = {isa = PBXFileReference; fileEncoding = 4; lastKnownFileType = sourcecode.c.h; path = SLTagViewController.h; sourceTree = "<group>"; };
		4B14115D1BD6882E0058338B /* SLTagViewController.m */ = {isa = PBXFileReference; fileEncoding = 4; lastKnownFileType = sourcecode.c.objc; path = SLTagViewController.m; sourceTree = "<group>"; };
		4B14115F1BD688450058338B /* SLArchiveViewController.h */ = {isa = PBXFileReference; fileEncoding = 4; lastKnownFileType = sourcecode.c.h; path = SLArchiveViewController.h; sourceTree = "<group>"; };
		4B1411601BD688450058338B /* SLArchiveViewController.m */ = {isa = PBXFileReference; fileEncoding = 4; lastKnownFileType = sourcecode.c.objc; path = SLArchiveViewController.m; sourceTree = "<group>"; };
		4B1411621BD6886B0058338B /* SLAboutViewController.h */ = {isa = PBXFileReference; fileEncoding = 4; lastKnownFileType = sourcecode.c.h; path = SLAboutViewController.h; sourceTree = "<group>"; };
		4B1411631BD6886B0058338B /* SLAboutViewController.m */ = {isa = PBXFileReference; fileEncoding = 4; lastKnownFileType = sourcecode.c.objc; path = SLAboutViewController.m; sourceTree = "<group>"; };
		4B1411651BD688FD0058338B /* SLCommonTableViewController.h */ = {isa = PBXFileReference; fileEncoding = 4; lastKnownFileType = sourcecode.c.h; path = SLCommonTableViewController.h; sourceTree = "<group>"; };
		4B1411661BD688FD0058338B /* SLCommonTableViewController.m */ = {isa = PBXFileReference; fileEncoding = 4; lastKnownFileType = sourcecode.c.objc; path = SLCommonTableViewController.m; sourceTree = "<group>"; };
		4B1411681BD694140058338B /* SLNavicationController.h */ = {isa = PBXFileReference; fileEncoding = 4; lastKnownFileType = sourcecode.c.h; path = SLNavicationController.h; sourceTree = "<group>"; };
		4B1411691BD694140058338B /* SLNavicationController.m */ = {isa = PBXFileReference; fileEncoding = 4; lastKnownFileType = sourcecode.c.objc; path = SLNavicationController.m; sourceTree = "<group>"; };
		4B14116C1BD7DDC30058338B /* macros.h */ = {isa = PBXFileReference; lastKnownFileType = sourcecode.c.h; path = macros.h; sourceTree = "<group>"; };
		4B14116D1BD7E1E80058338B /* PrefixHeader.pch */ = {isa = PBXFileReference; lastKnownFileType = sourcecode.c.h; path = PrefixHeader.pch; sourceTree = "<group>"; };
		4B9F6A661BBBB52E005C628C /* SLRootViewController.h */ = {isa = PBXFileReference; fileEncoding = 4; lastKnownFileType = sourcecode.c.h; path = SLRootViewController.h; sourceTree = "<group>"; };
		4B9F6A671BBBB52E005C628C /* SLRootViewController.m */ = {isa = PBXFileReference; fileEncoding = 4; lastKnownFileType = sourcecode.c.objc; path = SLRootViewController.m; sourceTree = "<group>"; };
		4BB806291BDBDDB100DF94F1 /* SLCommonViewController.h */ = {isa = PBXFileReference; fileEncoding = 4; lastKnownFileType = sourcecode.c.h; path = SLCommonViewController.h; sourceTree = "<group>"; };
		4BB8062A1BDBDDB100DF94F1 /* SLCommonViewController.m */ = {isa = PBXFileReference; fileEncoding = 4; lastKnownFileType = sourcecode.c.objc; path = SLCommonViewController.m; sourceTree = "<group>"; };
		4BDA3E361B7106C10044D862 /* YXTX.app */ = {isa = PBXFileReference; explicitFileType = wrapper.application; includeInIndex = 0; path = YXTX.app; sourceTree = BUILT_PRODUCTS_DIR; };
		4BDA3E3A1B7106C10044D862 /* Info.plist */ = {isa = PBXFileReference; lastKnownFileType = text.plist.xml; path = Info.plist; sourceTree = "<group>"; };
		4BDA3E3B1B7106C10044D862 /* main.m */ = {isa = PBXFileReference; lastKnownFileType = sourcecode.c.objc; path = main.m; sourceTree = "<group>"; };
		4BDA3E3D1B7106C10044D862 /* AppDelegate.h */ = {isa = PBXFileReference; lastKnownFileType = sourcecode.c.h; path = AppDelegate.h; sourceTree = "<group>"; };
		4BDA3E3E1B7106C10044D862 /* AppDelegate.m */ = {isa = PBXFileReference; lastKnownFileType = sourcecode.c.objc; path = AppDelegate.m; sourceTree = "<group>"; };
		4BDA3E441B7106C10044D862 /* Base */ = {isa = PBXFileReference; lastKnownFileType = file.storyboard; name = Base; path = Base.lproj/Main.storyboard; sourceTree = "<group>"; };
		4BDA3E461B7106C10044D862 /* Images.xcassets */ = {isa = PBXFileReference; lastKnownFileType = folder.assetcatalog; path = Images.xcassets; sourceTree = "<group>"; };
		4BDA3E4F1B7106C10044D862 /* YXTXTests.xctest */ = {isa = PBXFileReference; explicitFileType = wrapper.cfbundle; includeInIndex = 0; path = YXTXTests.xctest; sourceTree = BUILT_PRODUCTS_DIR; };
		4BDA3E541B7106C10044D862 /* Info.plist */ = {isa = PBXFileReference; lastKnownFileType = text.plist.xml; path = Info.plist; sourceTree = "<group>"; };
		4BDA3E551B7106C10044D862 /* YXTXTests.m */ = {isa = PBXFileReference; lastKnownFileType = sourcecode.c.objc; path = YXTXTests.m; sourceTree = "<group>"; };
/* End PBXFileReference section */

/* Begin PBXFrameworksBuildPhase section */
		4BDA3E331B7106C10044D862 /* Frameworks */ = {
			isa = PBXFrameworksBuildPhase;
			buildActionMask = 2147483647;
			files = (
			);
			runOnlyForDeploymentPostprocessing = 0;
		};
		4BDA3E4C1B7106C10044D862 /* Frameworks */ = {
			isa = PBXFrameworksBuildPhase;
			buildActionMask = 2147483647;
			files = (
			);
			runOnlyForDeploymentPostprocessing = 0;
		};
/* End PBXFrameworksBuildPhase section */

/* Begin PBXGroup section */
		4B1411551BCFDBE00058338B /* Icons */ = {
			isa = PBXGroup;
			children = (
			);
			name = Icons;
			sourceTree = "<group>";
		};
		4B14116B1BD7DD9F0058338B /* Common */ = {
			isa = PBXGroup;
			children = (
				4B14116C1BD7DDC30058338B /* macros.h */,
			);
			name = Common;
			sourceTree = "<group>";
		};
		4B9F6A591BBBB1B6005C628C /* Controllers */ = {
			isa = PBXGroup;
			children = (
				4BB806281BDBDC8B00DF94F1 /* CommonVC */,
				4B9F6A661BBBB52E005C628C /* SLRootViewController.h */,
				4B9F6A671BBBB52E005C628C /* SLRootViewController.m */,
				4B1411561BD688070058338B /* SLHomeViewController.h */,
				4B1411571BD688070058338B /* SLHomeViewController.m */,
				4B1411591BD6881D0058338B /* SLCategoryViewController.h */,
				4B14115A1BD6881D0058338B /* SLCategoryViewController.m */,
				4B14115C1BD6882E0058338B /* SLTagViewController.h */,
				4B14115D1BD6882E0058338B /* SLTagViewController.m */,
				4B14115F1BD688450058338B /* SLArchiveViewController.h */,
				4B1411601BD688450058338B /* SLArchiveViewController.m */,
				4B1411621BD6886B0058338B /* SLAboutViewController.h */,
				4B1411631BD6886B0058338B /* SLAboutViewController.m */,
				4B1411681BD694140058338B /* SLNavicationController.h */,
				4B1411691BD694140058338B /* SLNavicationController.m */,
			);
			name = Controllers;
			sourceTree = "<group>";
		};
		4B9F6A5A1BBBB1C7005C628C /* Views */ = {
			isa = PBXGroup;
			children = (
			);
			name = Views;
			sourceTree = "<group>";
		};
		4B9F6A5B1BBBB1D3005C628C /* Utils */ = {
			isa = PBXGroup;
			children = (
			);
			name = Utils;
			sourceTree = "<group>";
		};
		4B9F6A5C1BBBB21A005C628C /* Models */ = {
			isa = PBXGroup;
			children = (
			);
			name = Models;
			sourceTree = "<group>";
		};
		4B9F6A5D1BBBB234005C628C /* Resources */ = {
			isa = PBXGroup;
			children = (
			);
			name = Resources;
			sourceTree = "<group>";
		};
		4B9F6A5E1BBBB2E3005C628C /* Category */ = {
			isa = PBXGroup;
			children = (
			);
			name = Category;
			sourceTree = "<group>";
		};
		4B9F6A5F1BBBB2FA005C628C /* Config */ = {
			isa = PBXGroup;
			children = (
			);
			name = Config;
			sourceTree = "<group>";
		};
		4B9F6A601BBBB315005C628C /* Extensions */ = {
			isa = PBXGroup;
			children = (
			);
			name = Extensions;
			sourceTree = "<group>";
		};
		4BB806281BDBDC8B00DF94F1 /* CommonVC */ = {
			isa = PBXGroup;
			children = (
				4B1411651BD688FD0058338B /* SLCommonTableViewController.h */,
				4B1411661BD688FD0058338B /* SLCommonTableViewController.m */,
				4BB806291BDBDDB100DF94F1 /* SLCommonViewController.h */,
				4BB8062A1BDBDDB100DF94F1 /* SLCommonViewController.m */,
			);
			name = CommonVC;
			sourceTree = "<group>";
		};
		4BDA3E2D1B7106C10044D862 = {
			isa = PBXGroup;
			children = (
				4BDA3E381B7106C10044D862 /* YXTX */,
				4BDA3E521B7106C10044D862 /* YXTXTests */,
				4BDA3E371B7106C10044D862 /* Products */,
			);
			sourceTree = "<group>";
		};
		4BDA3E371B7106C10044D862 /* Products */ = {
			isa = PBXGroup;
			children = (
				4BDA3E361B7106C10044D862 /* YXTX.app */,
				4BDA3E4F1B7106C10044D862 /* YXTXTests.xctest */,
			);
			name = Products;
			sourceTree = "<group>";
		};
		4BDA3E381B7106C10044D862 /* YXTX */ = {
			isa = PBXGroup;
			children = (
				4B14116B1BD7DD9F0058338B /* Common */,
				4B9F6A601BBBB315005C628C /* Extensions */,
				4B9F6A5F1BBBB2FA005C628C /* Config */,
				4B9F6A5E1BBBB2E3005C628C /* Category */,
				4B9F6A5D1BBBB234005C628C /* Resources */,
				4B9F6A5C1BBBB21A005C628C /* Models */,
				4B9F6A5B1BBBB1D3005C628C /* Utils */,
				4B9F6A5A1BBBB1C7005C628C /* Views */,
				4B9F6A591BBBB1B6005C628C /* Controllers */,
				4BDA3E3D1B7106C10044D862 /* AppDelegate.h */,
				4BDA3E3E1B7106C10044D862 /* AppDelegate.m */,
				4BDA3E431B7106C10044D862 /* Main.storyboard */,
				4BDA3E461B7106C10044D862 /* Images.xcassets */,
				4BDA3E391B7106C10044D862 /* Supporting Files */,
			);
			path = YXTX;
			sourceTree = "<group>";
		};
		4BDA3E391B7106C10044D862 /* Supporting Files */ = {
			isa = PBXGroup;
			children = (
				4B1411551BCFDBE00058338B /* Icons */,
				4BDA3E3A1B7106C10044D862 /* Info.plist */,
				4BDA3E3B1B7106C10044D862 /* main.m */,
				4B14116D1BD7E1E80058338B /* PrefixHeader.pch */,
			);
			name = "Supporting Files";
			sourceTree = "<group>";
		};
		4BDA3E521B7106C10044D862 /* YXTXTests */ = {
			isa = PBXGroup;
			children = (
				4BDA3E551B7106C10044D862 /* YXTXTests.m */,
				4BDA3E531B7106C10044D862 /* Supporting Files */,
			);
			path = YXTXTests;
			sourceTree = "<group>";
		};
		4BDA3E531B7106C10044D862 /* Supporting Files */ = {
			isa = PBXGroup;
			children = (
				4BDA3E541B7106C10044D862 /* Info.plist */,
			);
			name = "Supporting Files";
			sourceTree = "<group>";
		};
/* End PBXGroup section */

/* Begin PBXNativeTarget section */
		4BDA3E351B7106C10044D862 /* YXTX */ = {
			isa = PBXNativeTarget;
			buildConfigurationList = 4BDA3E591B7106C10044D862 /* Build configuration list for PBXNativeTarget "YXTX" */;
			buildPhases = (
				4BDA3E321B7106C10044D862 /* Sources */,
				4BDA3E331B7106C10044D862 /* Frameworks */,
				4BDA3E341B7106C10044D862 /* Resources */,
			);
			buildRules = (
			);
			dependencies = (
			);
			name = YXTX;
			productName = YXTX;
			productReference = 4BDA3E361B7106C10044D862 /* YXTX.app */;
			productType = "com.apple.product-type.application";
		};
		4BDA3E4E1B7106C10044D862 /* YXTXTests */ = {
			isa = PBXNativeTarget;
			buildConfigurationList = 4BDA3E5C1B7106C10044D862 /* Build configuration list for PBXNativeTarget "YXTXTests" */;
			buildPhases = (
				4BDA3E4B1B7106C10044D862 /* Sources */,
				4BDA3E4C1B7106C10044D862 /* Frameworks */,
				4BDA3E4D1B7106C10044D862 /* Resources */,
			);
			buildRules = (
			);
			dependencies = (
				4BDA3E511B7106C10044D862 /* PBXTargetDependency */,
			);
			name = YXTXTests;
			productName = YXTXTests;
			productReference = 4BDA3E4F1B7106C10044D862 /* YXTXTests.xctest */;
			productType = "com.apple.product-type.bundle.unit-test";
		};
/* End PBXNativeTarget section */

/* Begin PBXProject section */
		4BDA3E2E1B7106C10044D862 /* Project object */ = {
			isa = PBXProject;
			attributes = {
				LastUpgradeCheck = 0700;
				ORGANIZATIONNAME = com.yuxingxin.yxtx;
				TargetAttributes = {
					4BDA3E351B7106C10044D862 = {
						CreatedOnToolsVersion = 6.4;
						DevelopmentTeam = F92FEDCSXX;
					};
					4BDA3E4E1B7106C10044D862 = {
						CreatedOnToolsVersion = 6.4;
						TestTargetID = 4BDA3E351B7106C10044D862;
					};
				};
			};
			buildConfigurationList = 4BDA3E311B7106C10044D862 /* Build configuration list for PBXProject "YXTX" */;
			compatibilityVersion = "Xcode 3.2";
			developmentRegion = English;
			hasScannedForEncodings = 0;
			knownRegions = (
				en,
				Base,
			);
			mainGroup = 4BDA3E2D1B7106C10044D862;
			productRefGroup = 4BDA3E371B7106C10044D862 /* Products */;
			projectDirPath = "";
			projectRoot = "";
			targets = (
				4BDA3E351B7106C10044D862 /* YXTX */,
				4BDA3E4E1B7106C10044D862 /* YXTXTests */,
			);
		};
/* End PBXProject section */

/* Begin PBXResourcesBuildPhase section */
		4BDA3E341B7106C10044D862 /* Resources */ = {
			isa = PBXResourcesBuildPhase;
			buildActionMask = 2147483647;
			files = (
				4BDA3E451B7106C10044D862 /* Main.storyboard in Resources */,
				4BDA3E471B7106C10044D862 /* Images.xcassets in Resources */,
			);
			runOnlyForDeploymentPostprocessing = 0;
		};
		4BDA3E4D1B7106C10044D862 /* Resources */ = {
			isa = PBXResourcesBuildPhase;
			buildActionMask = 2147483647;
			files = (
			);
			runOnlyForDeploymentPostprocessing = 0;
		};
/* End PBXResourcesBuildPhase section */

/* Begin PBXSourcesBuildPhase section */
		4BDA3E321B7106C10044D862 /* Sources */ = {
			isa = PBXSourcesBuildPhase;
			buildActionMask = 2147483647;
			files = (
				4B1411581BD688070058338B /* SLHomeViewController.m in Sources */,
				4BDA3E3F1B7106C10044D862 /* AppDelegate.m in Sources */,
				4B14115E1BD6882E0058338B /* SLTagViewController.m in Sources */,
				4BB8062B1BDBDDB100DF94F1 /* SLCommonViewController.m in Sources */,
				4B1411641BD6886B0058338B /* SLAboutViewController.m in Sources */,
				4B14116A1BD694140058338B /* SLNavicationController.m in Sources */,
				4B14115B1BD6881D0058338B /* SLCategoryViewController.m in Sources */,
				4B1411611BD688450058338B /* SLArchiveViewController.m in Sources */,
				4B1411671BD688FD0058338B /* SLCommonTableViewController.m in Sources */,
				4BDA3E3C1B7106C10044D862 /* main.m in Sources */,
				4B9F6A681BBBB52E005C628C /* SLRootViewController.m in Sources */,
			);
			runOnlyForDeploymentPostprocessing = 0;
		};
		4BDA3E4B1B7106C10044D862 /* Sources */ = {
			isa = PBXSourcesBuildPhase;
			buildActionMask = 2147483647;
			files = (
				4BDA3E561B7106C10044D862 /* YXTXTests.m in Sources */,
			);
			runOnlyForDeploymentPostprocessing = 0;
		};
/* End PBXSourcesBuildPhase section */

/* Begin PBXTargetDependency section */
		4BDA3E511B7106C10044D862 /* PBXTargetDependency */ = {
			isa = PBXTargetDependency;
			target = 4BDA3E351B7106C10044D862 /* YXTX */;
			targetProxy = 4BDA3E501B7106C10044D862 /* PBXContainerItemProxy */;
		};
/* End PBXTargetDependency section */

/* Begin PBXVariantGroup section */
		4BDA3E431B7106C10044D862 /* Main.storyboard */ = {
			isa = PBXVariantGroup;
			children = (
				4BDA3E441B7106C10044D862 /* Base */,
			);
			name = Main.storyboard;
			sourceTree = "<group>";
		};
/* End PBXVariantGroup section */

/* Begin XCBuildConfiguration section */
		4BDA3E571B7106C10044D862 /* Debug */ = {
			isa = XCBuildConfiguration;
			buildSettings = {
				ALWAYS_SEARCH_USER_PATHS = NO;
				CLANG_CXX_LANGUAGE_STANDARD = "gnu++0x";
				CLANG_CXX_LIBRARY = "libc++";
				CLANG_ENABLE_MODULES = YES;
				CLANG_ENABLE_OBJC_ARC = YES;
				CLANG_WARN_BOOL_CONVERSION = YES;
				CLANG_WARN_CONSTANT_CONVERSION = YES;
				CLANG_WARN_DIRECT_OBJC_ISA_USAGE = YES_ERROR;
				CLANG_WARN_EMPTY_BODY = YES;
				CLANG_WARN_ENUM_CONVERSION = YES;
				CLANG_WARN_INT_CONVERSION = YES;
				CLANG_WARN_OBJC_ROOT_CLASS = YES_ERROR;
				CLANG_WARN_UNREACHABLE_CODE = YES;
				CLANG_WARN__DUPLICATE_METHOD_MATCH = YES;
				"CODE_SIGN_IDENTITY[sdk=iphoneos*]" = "iPhone Developer";
				COPY_PHASE_STRIP = NO;
				DEBUG_INFORMATION_FORMAT = "dwarf-with-dsym";
				ENABLE_STRICT_OBJC_MSGSEND = YES;
				ENABLE_TESTABILITY = YES;
				GCC_C_LANGUAGE_STANDARD = gnu99;
				GCC_DYNAMIC_NO_PIC = NO;
				GCC_NO_COMMON_BLOCKS = YES;
				GCC_OPTIMIZATION_LEVEL = 0;
				GCC_PREPROCESSOR_DEFINITIONS = (
					"DEBUG=1",
					"$(inherited)",
				);
				GCC_SYMBOLS_PRIVATE_EXTERN = NO;
				GCC_WARN_64_TO_32_BIT_CONVERSION = YES;
				GCC_WARN_ABOUT_RETURN_TYPE = YES_ERROR;
				GCC_WARN_UNDECLARED_SELECTOR = YES;
				GCC_WARN_UNINITIALIZED_AUTOS = YES_AGGRESSIVE;
				GCC_WARN_UNUSED_FUNCTION = YES;
				GCC_WARN_UNUSED_VARIABLE = YES;
				IPHONEOS_DEPLOYMENT_TARGET = 7.0;
				MTL_ENABLE_DEBUG_INFO = YES;
				ONLY_ACTIVE_ARCH = YES;
				SDKROOT = iphoneos;
			};
			name = Debug;
		};
		4BDA3E581B7106C10044D862 /* Release */ = {
			isa = XCBuildConfiguration;
			buildSettings = {
				ALWAYS_SEARCH_USER_PATHS = NO;
				CLANG_CXX_LANGUAGE_STANDARD = "gnu++0x";
				CLANG_CXX_LIBRARY = "libc++";
				CLANG_ENABLE_MODULES = YES;
				CLANG_ENABLE_OBJC_ARC = YES;
				CLANG_WARN_BOOL_CONVERSION = YES;
				CLANG_WARN_CONSTANT_CONVERSION = YES;
				CLANG_WARN_DIRECT_OBJC_ISA_USAGE = YES_ERROR;
				CLANG_WARN_EMPTY_BODY = YES;
				CLANG_WARN_ENUM_CONVERSION = YES;
				CLANG_WARN_INT_CONVERSION = YES;
				CLANG_WARN_OBJC_ROOT_CLASS = YES_ERROR;
				CLANG_WARN_UNREACHABLE_CODE = YES;
				CLANG_WARN__DUPLICATE_METHOD_MATCH = YES;
				"CODE_SIGN_IDENTITY[sdk=iphoneos*]" = "iPhone Developer";
				COPY_PHASE_STRIP = NO;
				DEBUG_INFORMATION_FORMAT = "dwarf-with-dsym";
				ENABLE_NS_ASSERTIONS = NO;
				ENABLE_STRICT_OBJC_MSGSEND = YES;
				GCC_C_LANGUAGE_STANDARD = gnu99;
				GCC_NO_COMMON_BLOCKS = YES;
				GCC_WARN_64_TO_32_BIT_CONVERSION = YES;
				GCC_WARN_ABOUT_RETURN_TYPE = YES_ERROR;
				GCC_WARN_UNDECLARED_SELECTOR = YES;
				GCC_WARN_UNINITIALIZED_AUTOS = YES_AGGRESSIVE;
				GCC_WARN_UNUSED_FUNCTION = YES;
				GCC_WARN_UNUSED_VARIABLE = YES;
				IPHONEOS_DEPLOYMENT_TARGET = 7.0;
				MTL_ENABLE_DEBUG_INFO = NO;
				SDKROOT = iphoneos;
				VALIDATE_PRODUCT = YES;
			};
			name = Release;
		};
		4BDA3E5A1B7106C10044D862 /* Debug */ = {
			isa = XCBuildConfiguration;
			buildSettings = {
				ASSETCATALOG_COMPILER_APPICON_NAME = AppIcon;
				ASSETCATALOG_COMPILER_LAUNCHIMAGE_NAME = LaunchImage;
				CLANG_ENABLE_MODULES = YES;
				CODE_SIGN_IDENTITY = "iPhone Developer";
				GCC_PRECOMPILE_PREFIX_HEADER = YES;
				GCC_PREFIX_HEADER = "$(SRCROOT)/YXTX/PrefixHeader.pch";
				INFOPLIST_FILE = YXTX/Info.plist;
				IPHONEOS_DEPLOYMENT_TARGET = 7.0;
				LD_RUNPATH_SEARCH_PATHS = "$(inherited) @executable_path/Frameworks";
				PRODUCT_BUNDLE_IDENTIFIER = "yuxingxin.$(PRODUCT_NAME:rfc1034identifier)";
				PRODUCT_NAME = "$(TARGET_NAME)";
				PROVISIONING_PROFILE = "";
				SWIFT_OBJC_BRIDGING_HEADER = "YXTX/YXTX-Bridging-Header.h";
				SWIFT_OPTIMIZATION_LEVEL = "-Onone";
			};
			name = Debug;
		};
		4BDA3E5B1B7106C10044D862 /* Release */ = {
			isa = XCBuildConfiguration;
			buildSettings = {
				ASSETCATALOG_COMPILER_APPICON_NAME = AppIcon;
				ASSETCATALOG_COMPILER_LAUNCHIMAGE_NAME = LaunchImage;
				CLANG_ENABLE_MODULES = YES;
				CODE_SIGN_IDENTITY = "iPhone Developer";
				GCC_PRECOMPILE_PREFIX_HEADER = YES;
				GCC_PREFIX_HEADER = "$(SRCROOT)/YXTX/PrefixHeader.pch";
				INFOPLIST_FILE = YXTX/Info.plist;
				IPHONEOS_DEPLOYMENT_TARGET = 7.0;
				LD_RUNPATH_SEARCH_PATHS = "$(inherited) @executable_path/Frameworks";
				PRODUCT_BUNDLE_IDENTIFIER = "yuxingxin.$(PRODUCT_NAME:rfc1034identifier)";
				PRODUCT_NAME = "$(TARGET_NAME)";
				PROVISIONING_PROFILE = "";
				SWIFT_OBJC_BRIDGING_HEADER = "YXTX/YXTX-Bridging-Header.h";
			};
			name = Release;
		};
		4BDA3E5D1B7106C10044D862 /* Debug */ = {
			isa = XCBuildConfiguration;
			buildSettings = {
				BUNDLE_LOADER = "$(TEST_HOST)";
				FRAMEWORK_SEARCH_PATHS = (
					"$(SDKROOT)/Developer/Library/Frameworks",
					"$(inherited)",
				);
				GCC_PREPROCESSOR_DEFINITIONS = (
					"DEBUG=1",
					"$(inherited)",
				);
				INFOPLIST_FILE = YXTXTests/Info.plist;
				LD_RUNPATH_SEARCH_PATHS = "$(inherited) @executable_path/Frameworks @loader_path/Frameworks";
				PRODUCT_BUNDLE_IDENTIFIER = "yuxingxin.$(PRODUCT_NAME:rfc1034identifier)";
				PRODUCT_NAME = "$(TARGET_NAME)";
				TEST_HOST = "$(BUILT_PRODUCTS_DIR)/YXTX.app/YXTX";
			};
			name = Debug;
		};
		4BDA3E5E1B7106C10044D862 /* Release */ = {
			isa = XCBuildConfiguration;
			buildSettings = {
				BUNDLE_LOADER = "$(TEST_HOST)";
				FRAMEWORK_SEARCH_PATHS = (
					"$(SDKROOT)/Developer/Library/Frameworks",
					"$(inherited)",
				);
				INFOPLIST_FILE = YXTXTests/Info.plist;
				LD_RUNPATH_SEARCH_PATHS = "$(inherited) @executable_path/Frameworks @loader_path/Frameworks";
				PRODUCT_BUNDLE_IDENTIFIER = "yuxingxin.$(PRODUCT_NAME:rfc1034identifier)";
				PRODUCT_NAME = "$(TARGET_NAME)";
				TEST_HOST = "$(BUILT_PRODUCTS_DIR)/YXTX.app/YXTX";
			};
			name = Release;
		};
/* End XCBuildConfiguration section */

/* Begin XCConfigurationList section */
		4BDA3E311B7106C10044D862 /* Build configuration list for PBXProject "YXTX" */ = {
			isa = XCConfigurationList;
			buildConfigurations = (
				4BDA3E571B7106C10044D862 /* Debug */,
				4BDA3E581B7106C10044D862 /* Release */,
			);
			defaultConfigurationIsVisible = 0;
			defaultConfigurationName = Release;
		};
		4BDA3E591B7106C10044D862 /* Build configuration list for PBXNativeTarget "YXTX" */ = {
			isa = XCConfigurationList;
			buildConfigurations = (
				4BDA3E5A1B7106C10044D862 /* Debug */,
				4BDA3E5B1B7106C10044D862 /* Release */,
			);
			defaultConfigurationIsVisible = 0;
			defaultConfigurationName = Release;
		};
		4BDA3E5C1B7106C10044D862 /* Build configuration list for PBXNativeTarget "YXTXTests" */ = {
			isa = XCConfigurationList;
			buildConfigurations = (
				4BDA3E5D1B7106C10044D862 /* Debug */,
				4BDA3E5E1B7106C10044D862 /* Release */,
			);
			defaultConfigurationIsVisible = 0;
			defaultConfigurationName = Release;
		};
/* End XCConfigurationList section */
	};
	rootObject = 4BDA3E2E1B7106C10044D862 /* Project object */;
}
